// !$*UTF8*$!
{
	archiveVersion = 1;
	classes = {
	};
	objectVersion = 77;
	objects = {

/* Begin PBXBuildFile section */
		3B30CA032EE48BA300389F3C /* My Counting Watch App.app in Embed Watch Content */ = {isa = PBXBuildFile; fileRef = 3B30C9E32EE48BA200389F3C /* My Counting Watch App.app */; settings = {ATTRIBUTES = (RemoveHeadersOnCopy, ); }; };
/* End PBXBuildFile section */

/* Begin PBXContainerItemProxy section */
		3B30C9F02EE48BA300389F3C /* PBXContainerItemProxy */ = {
			isa = PBXContainerItemProxy;
			containerPortal = 3BDD2BCD2EE2904E00E291FF /* Project object */;
			proxyType = 1;
			remoteGlobalIDString = 3B30C9E22EE48BA200389F3C;
			remoteInfo = "My Counting Watch App";
		};
		3B30C9FA2EE48BA300389F3C /* PBXContainerItemProxy */ = {
			isa = PBXContainerItemProxy;
			containerPortal = 3BDD2BCD2EE2904E00E291FF /* Project object */;
			proxyType = 1;
			remoteGlobalIDString = 3B30C9E22EE48BA200389F3C;
			remoteInfo = "My Counting Watch App";
		};
		3B30CA012EE48BA300389F3C /* PBXContainerItemProxy */ = {
			isa = PBXContainerItemProxy;
			containerPortal = 3BDD2BCD2EE2904E00E291FF /* Project object */;
			proxyType = 1;
			remoteGlobalIDString = 3B30C9E22EE48BA200389F3C;
			remoteInfo = "My Counting Watch App";
		};
		3BDD2BE32EE2905000E291FF /* PBXContainerItemProxy */ = {
			isa = PBXContainerItemProxy;
			containerPortal = 3BDD2BCD2EE2904E00E291FF /* Project object */;
			proxyType = 1;
			remoteGlobalIDString = 3BDD2BD42EE2904E00E291FF;
			remoteInfo = counting;
		};
		3BDD2BED2EE2905000E291FF /* PBXContainerItemProxy */ = {
			isa = PBXContainerItemProxy;
			containerPortal = 3BDD2BCD2EE2904E00E291FF /* Project object */;
			proxyType = 1;
			remoteGlobalIDString = 3BDD2BD42EE2904E00E291FF;
			remoteInfo = counting;
		};
/* End PBXContainerItemProxy section */

/* Begin PBXCopyFilesBuildPhase section */
		3B30CA072EE48BA300389F3C /* Embed Watch Content */ = {
			isa = PBXCopyFilesBuildPhase;
			buildActionMask = 2147483647;
			dstPath = "$(CONTENTS_FOLDER_PATH)/Watch";
			dstSubfolderSpec = 16;
			files = (
				3B30CA032EE48BA300389F3C /* My Counting Watch App.app in Embed Watch Content */,
			);
			name = "Embed Watch Content";
			runOnlyForDeploymentPostprocessing = 0;
		};
/* End PBXCopyFilesBuildPhase section */

/* Begin PBXFileReference section */
		3B30C9E32EE48BA200389F3C /* My Counting Watch App.app */ = {isa = PBXFileReference; explicitFileType = wrapper.application; includeInIndex = 0; path = "My Counting Watch App.app"; sourceTree = BUILT_PRODUCTS_DIR; };
		3B30C9EF2EE48BA300389F3C /* My Counting Watch AppTests.xctest */ = {isa = PBXFileReference; explicitFileType = wrapper.cfbundle; includeInIndex = 0; path = "My Counting Watch AppTests.xctest"; sourceTree = BUILT_PRODUCTS_DIR; };
		3B30C9F92EE48BA300389F3C /* My Counting Watch AppUITests.xctest */ = {isa = PBXFileReference; explicitFileType = wrapper.cfbundle; includeInIndex = 0; path = "My Counting Watch AppUITests.xctest"; sourceTree = BUILT_PRODUCTS_DIR; };
		3BDD2BD52EE2904E00E291FF /* counting.app */ = {isa = PBXFileReference; explicitFileType = wrapper.application; includeInIndex = 0; path = counting.app; sourceTree = BUILT_PRODUCTS_DIR; };
		3BDD2BE22EE2905000E291FF /* countingTests.xctest */ = {isa = PBXFileReference; explicitFileType = wrapper.cfbundle; includeInIndex = 0; path = countingTests.xctest; sourceTree = BUILT_PRODUCTS_DIR; };
		3BDD2BEC2EE2905000E291FF /* countingUITests.xctest */ = {isa = PBXFileReference; explicitFileType = wrapper.cfbundle; includeInIndex = 0; path = countingUITests.xctest; sourceTree = BUILT_PRODUCTS_DIR; };
/* End PBXFileReference section */

/* Begin PBXFileSystemSynchronizedBuildFileExceptionSet section */
		3B04A61B2EF5869B00E1D7B3 /* Exceptions for "counting" folder in "counting" target */ = {
			isa = PBXFileSystemSynchronizedBuildFileExceptionSet;
			membershipExceptions = (
				Info.plist,
			);
			target = 3BDD2BD42EE2904E00E291FF /* counting */;
		};
/* End PBXFileSystemSynchronizedBuildFileExceptionSet section */

/* Begin PBXFileSystemSynchronizedRootGroup section */
		3B30C9E42EE48BA200389F3C /* My Counting Watch App */ = {
			isa = PBXFileSystemSynchronizedRootGroup;
			path = "My Counting Watch App";
			sourceTree = "<group>";
		};
		3B30C9F22EE48BA300389F3C /* My Counting Watch AppTests */ = {
			isa = PBXFileSystemSynchronizedRootGroup;
			path = "My Counting Watch AppTests";
			sourceTree = "<group>";
		};
		3B30C9FC2EE48BA300389F3C /* My Counting Watch AppUITests */ = {
			isa = PBXFileSystemSynchronizedRootGroup;
			path = "My Counting Watch AppUITests";
			sourceTree = "<group>";
		};
		3BDD2BD72EE2904E00E291FF /* counting */ = {
			isa = PBXFileSystemSynchronizedRootGroup;
			exceptions = (
				3B04A61B2EF5869B00E1D7B3 /* Exceptions for "counting" folder in "counting" target */,
			);
			path = counting;
			sourceTree = "<group>";
		};
		3BDD2BE52EE2905000E291FF /* countingTests */ = {
			isa = PBXFileSystemSynchronizedRootGroup;
			path = countingTests;
			sourceTree = "<group>";
		};
		3BDD2BEF2EE2905000E291FF /* countingUITests */ = {
			isa = PBXFileSystemSynchronizedRootGroup;
			path = countingUITests;
			sourceTree = "<group>";
		};
/* End PBXFileSystemSynchronizedRootGroup section */

/* Begin PBXFrameworksBuildPhase section */
		3B30C9E02EE48BA200389F3C /* Frameworks */ = {
			isa = PBXFrameworksBuildPhase;
			buildActionMask = 2147483647;
			files = (
			);
			runOnlyForDeploymentPostprocessing = 0;
		};
		3B30C9EC2EE48BA300389F3C /* Frameworks */ = {
			isa = PBXFrameworksBuildPhase;
			buildActionMask = 2147483647;
			files = (
			);
			runOnlyForDeploymentPostprocessing = 0;
		};
		3B30C9F62EE48BA300389F3C /* Frameworks */ = {
			isa = PBXFrameworksBuildPhase;
			buildActionMask = 2147483647;
			files = (
			);
			runOnlyForDeploymentPostprocessing = 0;
		};
		3BDD2BD22EE2904E00E291FF /* Frameworks */ = {
			isa = PBXFrameworksBuildPhase;
			buildActionMask = 2147483647;
			files = (
			);
			runOnlyForDeploymentPostprocessing = 0;
		};
		3BDD2BDF2EE2905000E291FF /* Frameworks */ = {
			isa = PBXFrameworksBuildPhase;
			buildActionMask = 2147483647;
			files = (
			);
			runOnlyForDeploymentPostprocessing = 0;
		};
		3BDD2BE92EE2905000E291FF /* Frameworks */ = {
			isa = PBXFrameworksBuildPhase;
			buildActionMask = 2147483647;
			files = (
			);
			runOnlyForDeploymentPostprocessing = 0;
		};
/* End PBXFrameworksBuildPhase section */

/* Begin PBXGroup section */
		3BDD2BCC2EE2904E00E291FF = {
			isa = PBXGroup;
			children = (
				3BDD2BD72EE2904E00E291FF /* counting */,
				3BDD2BE52EE2905000E291FF /* countingTests */,
				3BDD2BEF2EE2905000E291FF /* countingUITests */,
				3B30C9E42EE48BA200389F3C /* My Counting Watch App */,
				3B30C9F22EE48BA300389F3C /* My Counting Watch AppTests */,
				3B30C9FC2EE48BA300389F3C /* My Counting Watch AppUITests */,
				3BDD2BD62EE2904E00E291FF /* Products */,
			);
			sourceTree = "<group>";
		};
		3BDD2BD62EE2904E00E291FF /* Products */ = {
			isa = PBXGroup;
			children = (
				3BDD2BD52EE2904E00E291FF /* counting.app */,
				3BDD2BE22EE2905000E291FF /* countingTests.xctest */,
				3BDD2BEC2EE2905000E291FF /* countingUITests.xctest */,
				3B30C9E32EE48BA200389F3C /* My Counting Watch App.app */,
				3B30C9EF2EE48BA300389F3C /* My Counting Watch AppTests.xctest */,
				3B30C9F92EE48BA300389F3C /* My Counting Watch AppUITests.xctest */,
			);
			name = Products;
			sourceTree = "<group>";
		};
/* End PBXGroup section */

/* Begin PBXNativeTarget section */
		3B30C9E22EE48BA200389F3C /* My Counting Watch App */ = {
			isa = PBXNativeTarget;
			buildConfigurationList = 3B30CA042EE48BA300389F3C /* Build configuration list for PBXNativeTarget "My Counting Watch App" */;
			buildPhases = (
				3B30C9DF2EE48BA200389F3C /* Sources */,
				3B30C9E02EE48BA200389F3C /* Frameworks */,
				3B30C9E12EE48BA200389F3C /* Resources */,
			);
			buildRules = (
			);
			dependencies = (
			);
			fileSystemSynchronizedGroups = (
				3B30C9E42EE48BA200389F3C /* My Counting Watch App */,
			);
			name = "My Counting Watch App";
			packageProductDependencies = (
			);
			productName = "My Counting Watch App";
			productReference = 3B30C9E32EE48BA200389F3C /* My Counting Watch App.app */;
			productType = "com.apple.product-type.application";
		};
		3B30C9EE2EE48BA300389F3C /* My Counting Watch AppTests */ = {
			isa = PBXNativeTarget;
			buildConfigurationList = 3B30CA082EE48BA300389F3C /* Build configuration list for PBXNativeTarget "My Counting Watch AppTests" */;
			buildPhases = (
				3B30C9EB2EE48BA300389F3C /* Sources */,
				3B30C9EC2EE48BA300389F3C /* Frameworks */,
				3B30C9ED2EE48BA300389F3C /* Resources */,
			);
			buildRules = (
			);
			dependencies = (
				3B30C9F12EE48BA300389F3C /* PBXTargetDependency */,
			);
			fileSystemSynchronizedGroups = (
				3B30C9F22EE48BA300389F3C /* My Counting Watch AppTests */,
			);
			name = "My Counting Watch AppTests";
			packageProductDependencies = (
			);
			productName = "My Counting Watch AppTests";
			productReference = 3B30C9EF2EE48BA300389F3C /* My Counting Watch AppTests.xctest */;
			productType = "com.apple.product-type.bundle.unit-test";
		};
		3B30C9F82EE48BA300389F3C /* My Counting Watch AppUITests */ = {
			isa = PBXNativeTarget;
			buildConfigurationList = 3B30CA0B2EE48BA300389F3C /* Build configuration list for PBXNativeTarget "My Counting Watch AppUITests" */;
			buildPhases = (
				3B30C9F52EE48BA300389F3C /* Sources */,
				3B30C9F62EE48BA300389F3C /* Frameworks */,
				3B30C9F72EE48BA300389F3C /* Resources */,
			);
			buildRules = (
			);
			dependencies = (
				3B30C9FB2EE48BA300389F3C /* PBXTargetDependency */,
			);
			fileSystemSynchronizedGroups = (
				3B30C9FC2EE48BA300389F3C /* My Counting Watch AppUITests */,
			);
			name = "My Counting Watch AppUITests";
			packageProductDependencies = (
			);
			productName = "My Counting Watch AppUITests";
			productReference = 3B30C9F92EE48BA300389F3C /* My Counting Watch AppUITests.xctest */;
			productType = "com.apple.product-type.bundle.ui-testing";
		};
		3BDD2BD42EE2904E00E291FF /* counting */ = {
			isa = PBXNativeTarget;
			buildConfigurationList = 3BDD2BF62EE2905000E291FF /* Build configuration list for PBXNativeTarget "counting" */;
			buildPhases = (
				3BDD2BD12EE2904E00E291FF /* Sources */,
				3BDD2BD22EE2904E00E291FF /* Frameworks */,
				3BDD2BD32EE2904E00E291FF /* Resources */,
				3B30CA072EE48BA300389F3C /* Embed Watch Content */,
			);
			buildRules = (
			);
			dependencies = (
				3B30CA022EE48BA300389F3C /* PBXTargetDependency */,
			);
			fileSystemSynchronizedGroups = (
				3BDD2BD72EE2904E00E291FF /* counting */,
			);
			name = counting;
			packageProductDependencies = (
			);
			productName = counting;
			productReference = 3BDD2BD52EE2904E00E291FF /* counting.app */;
			productType = "com.apple.product-type.application";
		};
		3BDD2BE12EE2905000E291FF /* countingTests */ = {
			isa = PBXNativeTarget;
			buildConfigurationList = 3BDD2BF92EE2905000E291FF /* Build configuration list for PBXNativeTarget "countingTests" */;
			buildPhases = (
				3BDD2BDE2EE2905000E291FF /* Sources */,
				3BDD2BDF2EE2905000E291FF /* Frameworks */,
				3BDD2BE02EE2905000E291FF /* Resources */,
			);
			buildRules = (
			);
			dependencies = (
				3BDD2BE42EE2905000E291FF /* PBXTargetDependency */,
			);
			fileSystemSynchronizedGroups = (
				3BDD2BE52EE2905000E291FF /* countingTests */,
			);
			name = countingTests;
			packageProductDependencies = (
			);
			productName = countingTests;
			productReference = 3BDD2BE22EE2905000E291FF /* countingTests.xctest */;
			productType = "com.apple.product-type.bundle.unit-test";
		};
		3BDD2BEB2EE2905000E291FF /* countingUITests */ = {
			isa = PBXNativeTarget;
			buildConfigurationList = 3BDD2BFC2EE2905000E291FF /* Build configuration list for PBXNativeTarget "countingUITests" */;
			buildPhases = (
				3BDD2BE82EE2905000E291FF /* Sources */,
				3BDD2BE92EE2905000E291FF /* Frameworks */,
				3BDD2BEA2EE2905000E291FF /* Resources */,
			);
			buildRules = (
			);
			dependencies = (
				3BDD2BEE2EE2905000E291FF /* PBXTargetDependency */,
			);
			fileSystemSynchronizedGroups = (
				3BDD2BEF2EE2905000E291FF /* countingUITests */,
			);
			name = countingUITests;
			packageProductDependencies = (
			);
			productName = countingUITests;
			productReference = 3BDD2BEC2EE2905000E291FF /* countingUITests.xctest */;
			productType = "com.apple.product-type.bundle.ui-testing";
		};
/* End PBXNativeTarget section */

/* Begin PBXProject section */
		3BDD2BCD2EE2904E00E291FF /* Project object */ = {
			isa = PBXProject;
			attributes = {
				BuildIndependentTargetsInParallel = 1;
				LastSwiftUpdateCheck = 2610;
				LastUpgradeCheck = 2620;
				TargetAttributes = {
					3B30C9E22EE48BA200389F3C = {
						CreatedOnToolsVersion = 26.1.1;
					};
					3B30C9EE2EE48BA300389F3C = {
						CreatedOnToolsVersion = 26.1.1;
						TestTargetID = 3B30C9E22EE48BA200389F3C;
					};
					3B30C9F82EE48BA300389F3C = {
						CreatedOnToolsVersion = 26.1.1;
						TestTargetID = 3B30C9E22EE48BA200389F3C;
					};
					3BDD2BD42EE2904E00E291FF = {
						CreatedOnToolsVersion = 26.1.1;
					};
					3BDD2BE12EE2905000E291FF = {
						CreatedOnToolsVersion = 26.1.1;
						TestTargetID = 3BDD2BD42EE2904E00E291FF;
					};
					3BDD2BEB2EE2905000E291FF = {
						CreatedOnToolsVersion = 26.1.1;
						TestTargetID = 3BDD2BD42EE2904E00E291FF;
					};
				};
			};
			buildConfigurationList = 3BDD2BD02EE2904E00E291FF /* Build configuration list for PBXProject "counting" */;
			developmentRegion = en;
			hasScannedForEncodings = 0;
			knownRegions = (
				en,
				Base,
			);
			mainGroup = 3BDD2BCC2EE2904E00E291FF;
			minimizedProjectReferenceProxies = 1;
			preferredProjectObjectVersion = 77;
			productRefGroup = 3BDD2BD62EE2904E00E291FF /* Products */;
			projectDirPath = "";
			projectRoot = "";
			targets = (
				3BDD2BD42EE2904E00E291FF /* counting */,
				3BDD2BE12EE2905000E291FF /* countingTests */,
				3BDD2BEB2EE2905000E291FF /* countingUITests */,
				3B30C9E22EE48BA200389F3C /* My Counting Watch App */,
				3B30C9EE2EE48BA300389F3C /* My Counting Watch AppTests */,
				3B30C9F82EE48BA300389F3C /* My Counting Watch AppUITests */,
			);
		};
/* End PBXProject section */

/* Begin PBXResourcesBuildPhase section */
		3B30C9E12EE48BA200389F3C /* Resources */ = {
			isa = PBXResourcesBuildPhase;
			buildActionMask = 2147483647;
			files = (
			);
			runOnlyForDeploymentPostprocessing = 0;
		};
		3B30C9ED2EE48BA300389F3C /* Resources */ = {
			isa = PBXResourcesBuildPhase;
			buildActionMask = 2147483647;
			files = (
			);
			runOnlyForDeploymentPostprocessing = 0;
		};
		3B30C9F72EE48BA300389F3C /* Resources */ = {
			isa = PBXResourcesBuildPhase;
			buildActionMask = 2147483647;
			files = (
			);
			runOnlyForDeploymentPostprocessing = 0;
		};
		3BDD2BD32EE2904E00E291FF /* Resources */ = {
			isa = PBXResourcesBuildPhase;
			buildActionMask = 2147483647;
			files = (
			);
			runOnlyForDeploymentPostprocessing = 0;
		};
		3BDD2BE02EE2905000E291FF /* Resources */ = {
			isa = PBXResourcesBuildPhase;
			buildActionMask = 2147483647;
			files = (
			);
			runOnlyForDeploymentPostprocessing = 0;
		};
		3BDD2BEA2EE2905000E291FF /* Resources */ = {
			isa = PBXResourcesBuildPhase;
			buildActionMask = 2147483647;
			files = (
			);
			runOnlyForDeploymentPostprocessing = 0;
		};
/* End PBXResourcesBuildPhase section */

/* Begin PBXSourcesBuildPhase section */
		3B30C9DF2EE48BA200389F3C /* Sources */ = {
			isa = PBXSourcesBuildPhase;
			buildActionMask = 2147483647;
			files = (
			);
			runOnlyForDeploymentPostprocessing = 0;
		};
		3B30C9EB2EE48BA300389F3C /* Sources */ = {
			isa = PBXSourcesBuildPhase;
			buildActionMask = 2147483647;
			files = (
			);
			runOnlyForDeploymentPostprocessing = 0;
		};
		3B30C9F52EE48BA300389F3C /* Sources */ = {
			isa = PBXSourcesBuildPhase;
			buildActionMask = 2147483647;
			files = (
			);
			runOnlyForDeploymentPostprocessing = 0;
		};
		3BDD2BD12EE2904E00E291FF /* Sources */ = {
			isa = PBXSourcesBuildPhase;
			buildActionMask = 2147483647;
			files = (
			);
			runOnlyForDeploymentPostprocessing = 0;
		};
		3BDD2BDE2EE2905000E291FF /* Sources */ = {
			isa = PBXSourcesBuildPhase;
			buildActionMask = 2147483647;
			files = (
			);
			runOnlyForDeploymentPostprocessing = 0;
		};
		3BDD2BE82EE2905000E291FF /* Sources */ = {
			isa = PBXSourcesBuildPhase;
			buildActionMask = 2147483647;
			files = (
			);
			runOnlyForDeploymentPostprocessing = 0;
		};
/* End PBXSourcesBuildPhase section */

/* Begin PBXTargetDependency section */
		3B30C9F12EE48BA300389F3C /* PBXTargetDependency */ = {
			isa = PBXTargetDependency;
			target = 3B30C9E22EE48BA200389F3C /* My Counting Watch App */;
			targetProxy = 3B30C9F02EE48BA300389F3C /* PBXContainerItemProxy */;
		};
		3B30C9FB2EE48BA300389F3C /* PBXTargetDependency */ = {
			isa = PBXTargetDependency;
			target = 3B30C9E22EE48BA200389F3C /* My Counting Watch App */;
			targetProxy = 3B30C9FA2EE48BA300389F3C /* PBXContainerItemProxy */;
		};
		3B30CA022EE48BA300389F3C /* PBXTargetDependency */ = {
			isa = PBXTargetDependency;
			target = 3B30C9E22EE48BA200389F3C /* My Counting Watch App */;
			targetProxy = 3B30CA012EE48BA300389F3C /* PBXContainerItemProxy */;
		};
		3BDD2BE42EE2905000E291FF /* PBXTargetDependency */ = {
			isa = PBXTargetDependency;
			target = 3BDD2BD42EE2904E00E291FF /* counting */;
			targetProxy = 3BDD2BE32EE2905000E291FF /* PBXContainerItemProxy */;
		};
		3BDD2BEE2EE2905000E291FF /* PBXTargetDependency */ = {
			isa = PBXTargetDependency;
			target = 3BDD2BD42EE2904E00E291FF /* counting */;
			targetProxy = 3BDD2BED2EE2905000E291FF /* PBXContainerItemProxy */;
		};
/* End PBXTargetDependency section */

/* Begin XCBuildConfiguration section */
		3B30CA052EE48BA300389F3C /* Debug */ = {
			isa = XCBuildConfiguration;
			buildSettings = {
				ASSETCATALOG_COMPILER_APPICON_NAME = AppIcon;
				ASSETCATALOG_COMPILER_GLOBAL_ACCENT_COLOR_NAME = AccentColor;
				CODE_SIGN_STYLE = Automatic;
				CURRENT_PROJECT_VERSION = 28;
				DEVELOPMENT_TEAM = 8UR93C9R92;
				ENABLE_PREVIEWS = YES;
				GENERATE_INFOPLIST_FILE = YES;
				INFOPLIST_KEY_CFBundleDisplayName = "My Counting";
				INFOPLIST_KEY_UISupportedInterfaceOrientations = "UIInterfaceOrientationPortrait UIInterfaceOrientationPortraitUpsideDown";
				INFOPLIST_KEY_WKCompanionAppBundleIdentifier = MarkLim.counting;
				LD_RUNPATH_SEARCH_PATHS = (
					"$(inherited)",
					"@executable_path/Frameworks",
				);
				MARKETING_VERSION = 1.1.0;
				PRODUCT_BUNDLE_IDENTIFIER = MarkLim.counting.watchkitapp;
				PRODUCT_NAME = "$(TARGET_NAME)";
				SDKROOT = watchos;
				SKIP_INSTALL = YES;
				STRING_CATALOG_GENERATE_SYMBOLS = YES;
				SWIFT_APPROACHABLE_CONCURRENCY = YES;
				SWIFT_DEFAULT_ACTOR_ISOLATION = MainActor;
				SWIFT_EMIT_LOC_STRINGS = YES;
				SWIFT_UPCOMING_FEATURE_MEMBER_IMPORT_VISIBILITY = YES;
				SWIFT_VERSION = 5.0;
				TARGETED_DEVICE_FAMILY = 4;
				WATCHOS_DEPLOYMENT_TARGET = 26.0;
			};
			name = Debug;
		};
		3B30CA062EE48BA300389F3C /* Release */ = {
			isa = XCBuildConfiguration;
			buildSettings = {
				ASSETCATALOG_COMPILER_APPICON_NAME = AppIcon;
				ASSETCATALOG_COMPILER_GLOBAL_ACCENT_COLOR_NAME = AccentColor;
				CODE_SIGN_STYLE = Automatic;
				CURRENT_PROJECT_VERSION = 28;
				DEVELOPMENT_TEAM = 8UR93C9R92;
				ENABLE_PREVIEWS = YES;
				GENERATE_INFOPLIST_FILE = YES;
				INFOPLIST_KEY_CFBundleDisplayName = "My Counting";
				INFOPLIST_KEY_UISupportedInterfaceOrientations = "UIInterfaceOrientationPortrait UIInterfaceOrientationPortraitUpsideDown";
				INFOPLIST_KEY_WKCompanionAppBundleIdentifier = MarkLim.counting;
				LD_RUNPATH_SEARCH_PATHS = (
					"$(inherited)",
					"@executable_path/Frameworks",
				);
				MARKETING_VERSION = 1.1.0;
				PRODUCT_BUNDLE_IDENTIFIER = MarkLim.counting.watchkitapp;
				PRODUCT_NAME = "$(TARGET_NAME)";
				SDKROOT = watchos;
				SKIP_INSTALL = YES;
				STRING_CATALOG_GENERATE_SYMBOLS = YES;
				SWIFT_APPROACHABLE_CONCURRENCY = YES;
				SWIFT_DEFAULT_ACTOR_ISOLATION = MainActor;
				SWIFT_EMIT_LOC_STRINGS = YES;
				SWIFT_UPCOMING_FEATURE_MEMBER_IMPORT_VISIBILITY = YES;
				SWIFT_VERSION = 5.0;
				TARGETED_DEVICE_FAMILY = 4;
				VALIDATE_PRODUCT = YES;
				WATCHOS_DEPLOYMENT_TARGET = 26.0;
			};
			name = Release;
		};
		3B30CA092EE48BA300389F3C /* Debug */ = {
			isa = XCBuildConfiguration;
			buildSettings = {
				BUNDLE_LOADER = "$(TEST_HOST)";
				CODE_SIGN_STYLE = Automatic;
				CURRENT_PROJECT_VERSION = 1;
				DEVELOPMENT_TEAM = 8UR93C9R92;
				GENERATE_INFOPLIST_FILE = YES;
				MARKETING_VERSION = 1.0;
				PRODUCT_BUNDLE_IDENTIFIER = "MarkLim.My-Counting-Watch-AppTests";
				PRODUCT_NAME = "$(TARGET_NAME)";
				SDKROOT = watchos;
				STRING_CATALOG_GENERATE_SYMBOLS = NO;
				SWIFT_APPROACHABLE_CONCURRENCY = YES;
				SWIFT_EMIT_LOC_STRINGS = NO;
				SWIFT_UPCOMING_FEATURE_MEMBER_IMPORT_VISIBILITY = YES;
				SWIFT_VERSION = 5.0;
				TARGETED_DEVICE_FAMILY = 4;
				TEST_HOST = "$(BUILT_PRODUCTS_DIR)/My Counting Watch App.app/$(BUNDLE_EXECUTABLE_FOLDER_PATH)/My Counting Watch App";
				WATCHOS_DEPLOYMENT_TARGET = 26.0;
			};
			name = Debug;
		};
		3B30CA0A2EE48BA300389F3C /* Release */ = {
			isa = XCBuildConfiguration;
			buildSettings = {
				BUNDLE_LOADER = "$(TEST_HOST)";
				CODE_SIGN_STYLE = Automatic;
				CURRENT_PROJECT_VERSION = 1;
				DEVELOPMENT_TEAM = 8UR93C9R92;
				GENERATE_INFOPLIST_FILE = YES;
				MARKETING_VERSION = 1.0;
				PRODUCT_BUNDLE_IDENTIFIER = "MarkLim.My-Counting-Watch-AppTests";
				PRODUCT_NAME = "$(TARGET_NAME)";
				SDKROOT = watchos;
				STRING_CATALOG_GENERATE_SYMBOLS = NO;
				SWIFT_APPROACHABLE_CONCURRENCY = YES;
				SWIFT_EMIT_LOC_STRINGS = NO;
				SWIFT_UPCOMING_FEATURE_MEMBER_IMPORT_VISIBILITY = YES;
				SWIFT_VERSION = 5.0;
				TARGETED_DEVICE_FAMILY = 4;
				TEST_HOST = "$(BUILT_PRODUCTS_DIR)/My Counting Watch App.app/$(BUNDLE_EXECUTABLE_FOLDER_PATH)/My Counting Watch App";
				VALIDATE_PRODUCT = YES;
				WATCHOS_DEPLOYMENT_TARGET = 26.0;
			};
			name = Release;
		};
		3B30CA0C2EE48BA300389F3C /* Debug */ = {
			isa = XCBuildConfiguration;
			buildSettings = {
				CODE_SIGN_STYLE = Automatic;
				CURRENT_PROJECT_VERSION = 1;
				DEVELOPMENT_TEAM = 8UR93C9R92;
				GENERATE_INFOPLIST_FILE = YES;
				MARKETING_VERSION = 1.0;
				PRODUCT_BUNDLE_IDENTIFIER = "MarkLim.My-Counting-Watch-AppUITests";
				PRODUCT_NAME = "$(TARGET_NAME)";
				SDKROOT = watchos;
				STRING_CATALOG_GENERATE_SYMBOLS = NO;
				SWIFT_APPROACHABLE_CONCURRENCY = YES;
				SWIFT_EMIT_LOC_STRINGS = NO;
				SWIFT_UPCOMING_FEATURE_MEMBER_IMPORT_VISIBILITY = YES;
				SWIFT_VERSION = 5.0;
				TARGETED_DEVICE_FAMILY = 4;
				TEST_TARGET_NAME = "My Counting Watch App";
				WATCHOS_DEPLOYMENT_TARGET = 26.0;
			};
			name = Debug;
		};
		3B30CA0D2EE48BA300389F3C /* Release */ = {
			isa = XCBuildConfiguration;
			buildSettings = {
				CODE_SIGN_STYLE = Automatic;
				CURRENT_PROJECT_VERSION = 1;
				DEVELOPMENT_TEAM = 8UR93C9R92;
				GENERATE_INFOPLIST_FILE = YES;
				MARKETING_VERSION = 1.0;
				PRODUCT_BUNDLE_IDENTIFIER = "MarkLim.My-Counting-Watch-AppUITests";
				PRODUCT_NAME = "$(TARGET_NAME)";
				SDKROOT = watchos;
				STRING_CATALOG_GENERATE_SYMBOLS = NO;
				SWIFT_APPROACHABLE_CONCURRENCY = YES;
				SWIFT_EMIT_LOC_STRINGS = NO;
				SWIFT_UPCOMING_FEATURE_MEMBER_IMPORT_VISIBILITY = YES;
				SWIFT_VERSION = 5.0;
				TARGETED_DEVICE_FAMILY = 4;
				TEST_TARGET_NAME = "My Counting Watch App";
				VALIDATE_PRODUCT = YES;
				WATCHOS_DEPLOYMENT_TARGET = 26.0;
			};
			name = Release;
		};
		3BDD2BF42EE2905000E291FF /* Debug */ = {
			isa = XCBuildConfiguration;
			buildSettings = {
				ALWAYS_SEARCH_USER_PATHS = NO;
				ASSETCATALOG_COMPILER_GENERATE_SWIFT_ASSET_SYMBOL_EXTENSIONS = YES;
				CLANG_ANALYZER_NONNULL = YES;
				CLANG_ANALYZER_NUMBER_OBJECT_CONVERSION = YES_AGGRESSIVE;
				CLANG_CXX_LANGUAGE_STANDARD = "gnu++20";
				CLANG_ENABLE_MODULES = YES;
				CLANG_ENABLE_OBJC_ARC = YES;
				CLANG_ENABLE_OBJC_WEAK = YES;
				CLANG_WARN_BLOCK_CAPTURE_AUTORELEASING = YES;
				CLANG_WARN_BOOL_CONVERSION = YES;
				CLANG_WARN_COMMA = YES;
				CLANG_WARN_CONSTANT_CONVERSION = YES;
				CLANG_WARN_DEPRECATED_OBJC_IMPLEMENTATIONS = YES;
				CLANG_WARN_DIRECT_OBJC_ISA_USAGE = YES_ERROR;
				CLANG_WARN_DOCUMENTATION_COMMENTS = YES;
				CLANG_WARN_EMPTY_BODY = YES;
				CLANG_WARN_ENUM_CONVERSION = YES;
				CLANG_WARN_INFINITE_RECURSION = YES;
				CLANG_WARN_INT_CONVERSION = YES;
				CLANG_WARN_NON_LITERAL_NULL_CONVERSION = YES;
				CLANG_WARN_OBJC_IMPLICIT_RETAIN_SELF = YES;
				CLANG_WARN_OBJC_LITERAL_CONVERSION = YES;
				CLANG_WARN_OBJC_ROOT_CLASS = YES_ERROR;
				CLANG_WARN_QUOTED_INCLUDE_IN_FRAMEWORK_HEADER = YES;
				CLANG_WARN_RANGE_LOOP_ANALYSIS = YES;
				CLANG_WARN_STRICT_PROTOTYPES = YES;
				CLANG_WARN_SUSPICIOUS_MOVE = YES;
				CLANG_WARN_UNGUARDED_AVAILABILITY = YES_AGGRESSIVE;
				CLANG_WARN_UNREACHABLE_CODE = YES;
				CLANG_WARN__DUPLICATE_METHOD_MATCH = YES;
				COPY_PHASE_STRIP = NO;
				DEAD_CODE_STRIPPING = YES;
				DEBUG_INFORMATION_FORMAT = dwarf;
				DEVELOPMENT_TEAM = 8UR93C9R92;
				ENABLE_STRICT_OBJC_MSGSEND = YES;
				ENABLE_TESTABILITY = YES;
				ENABLE_USER_SCRIPT_SANDBOXING = YES;
				GCC_C_LANGUAGE_STANDARD = gnu17;
				GCC_DYNAMIC_NO_PIC = NO;
				GCC_NO_COMMON_BLOCKS = YES;
				GCC_OPTIMIZATION_LEVEL = 0;
				GCC_PREPROCESSOR_DEFINITIONS = (
					"DEBUG=1",
					"$(inherited)",
				);
				GCC_WARN_64_TO_32_BIT_CONVERSION = YES;
				GCC_WARN_ABOUT_RETURN_TYPE = YES_ERROR;
				GCC_WARN_UNDECLARED_SELECTOR = YES;
				GCC_WARN_UNINITIALIZED_AUTOS = YES_AGGRESSIVE;
				GCC_WARN_UNUSED_FUNCTION = YES;
				GCC_WARN_UNUSED_VARIABLE = YES;
				LOCALIZATION_PREFERS_STRING_CATALOGS = YES;
				MTL_ENABLE_DEBUG_INFO = INCLUDE_SOURCE;
				MTL_FAST_MATH = YES;
				ONLY_ACTIVE_ARCH = YES;
				STRING_CATALOG_GENERATE_SYMBOLS = YES;
				SWIFT_ACTIVE_COMPILATION_CONDITIONS = "DEBUG $(inherited)";
				SWIFT_OPTIMIZATION_LEVEL = "-Onone";
			};
			name = Debug;
		};
		3BDD2BF52EE2905000E291FF /* Release */ = {
			isa = XCBuildConfiguration;
			buildSettings = {
				ALWAYS_SEARCH_USER_PATHS = NO;
				ASSETCATALOG_COMPILER_GENERATE_SWIFT_ASSET_SYMBOL_EXTENSIONS = YES;
				CLANG_ANALYZER_NONNULL = YES;
				CLANG_ANALYZER_NUMBER_OBJECT_CONVERSION = YES_AGGRESSIVE;
				CLANG_CXX_LANGUAGE_STANDARD = "gnu++20";
				CLANG_ENABLE_MODULES = YES;
				CLANG_ENABLE_OBJC_ARC = YES;
				CLANG_ENABLE_OBJC_WEAK = YES;
				CLANG_WARN_BLOCK_CAPTURE_AUTORELEASING = YES;
				CLANG_WARN_BOOL_CONVERSION = YES;
				CLANG_WARN_COMMA = YES;
				CLANG_WARN_CONSTANT_CONVERSION = YES;
				CLANG_WARN_DEPRECATED_OBJC_IMPLEMENTATIONS = YES;
				CLANG_WARN_DIRECT_OBJC_ISA_USAGE = YES_ERROR;
				CLANG_WARN_DOCUMENTATION_COMMENTS = YES;
				CLANG_WARN_EMPTY_BODY = YES;
				CLANG_WARN_ENUM_CONVERSION = YES;
				CLANG_WARN_INFINITE_RECURSION = YES;
				CLANG_WARN_INT_CONVERSION = YES;
				CLANG_WARN_NON_LITERAL_NULL_CONVERSION = YES;
				CLANG_WARN_OBJC_IMPLICIT_RETAIN_SELF = YES;
				CLANG_WARN_OBJC_LITERAL_CONVERSION = YES;
				CLANG_WARN_OBJC_ROOT_CLASS = YES_ERROR;
				CLANG_WARN_QUOTED_INCLUDE_IN_FRAMEWORK_HEADER = YES;
				CLANG_WARN_RANGE_LOOP_ANALYSIS = YES;
				CLANG_WARN_STRICT_PROTOTYPES = YES;
				CLANG_WARN_SUSPICIOUS_MOVE = YES;
				CLANG_WARN_UNGUARDED_AVAILABILITY = YES_AGGRESSIVE;
				CLANG_WARN_UNREACHABLE_CODE = YES;
				CLANG_WARN__DUPLICATE_METHOD_MATCH = YES;
				COPY_PHASE_STRIP = NO;
				DEAD_CODE_STRIPPING = YES;
				DEBUG_INFORMATION_FORMAT = "dwarf-with-dsym";
				DEVELOPMENT_TEAM = 8UR93C9R92;
				ENABLE_NS_ASSERTIONS = NO;
				ENABLE_STRICT_OBJC_MSGSEND = YES;
				ENABLE_USER_SCRIPT_SANDBOXING = YES;
				GCC_C_LANGUAGE_STANDARD = gnu17;
				GCC_NO_COMMON_BLOCKS = YES;
				GCC_WARN_64_TO_32_BIT_CONVERSION = YES;
				GCC_WARN_ABOUT_RETURN_TYPE = YES_ERROR;
				GCC_WARN_UNDECLARED_SELECTOR = YES;
				GCC_WARN_UNINITIALIZED_AUTOS = YES_AGGRESSIVE;
				GCC_WARN_UNUSED_FUNCTION = YES;
				GCC_WARN_UNUSED_VARIABLE = YES;
				LOCALIZATION_PREFERS_STRING_CATALOGS = YES;
				MTL_ENABLE_DEBUG_INFO = NO;
				MTL_FAST_MATH = YES;
				STRING_CATALOG_GENERATE_SYMBOLS = YES;
				SWIFT_COMPILATION_MODE = wholemodule;
			};
			name = Release;
		};
		3BDD2BF72EE2905000E291FF /* Debug */ = {
			isa = XCBuildConfiguration;
			buildSettings = {
				ASSETCATALOG_COMPILER_APPICON_NAME = AppIcon;
				ASSETCATALOG_COMPILER_GLOBAL_ACCENT_COLOR_NAME = AccentColor;
				ASSETCATALOG_COMPILER_INCLUDE_ALL_APPICON_ASSETS = NO;
				CODE_SIGN_STYLE = Automatic;
				CURRENT_PROJECT_VERSION = 28;
				DEAD_CODE_STRIPPING = YES;
				DEVELOPMENT_TEAM = 8UR93C9R92;
				ENABLE_APP_SANDBOX = YES;
				ENABLE_HARDENED_RUNTIME = YES;
				ENABLE_PREVIEWS = YES;
				ENABLE_USER_SELECTED_FILES = readonly;
				GENERATE_INFOPLIST_FILE = YES;
				INFOPLIST_FILE = counting/Info.plist;
				INFOPLIST_KEY_CFBundleDisplayName = "My Counting";
				INFOPLIST_KEY_LSApplicationCategoryType = "public.app-category.utilities";
				INFOPLIST_KEY_NSBluetoothAlwaysUsageDescription = "주변기기의 데이터를 받기 위해서 사용";
				INFOPLIST_KEY_NSBluetoothPeripheralUsageDescription = "주변기기와 앱에 있는 카운팅 데이터를 공유하기 위해서 사용";
				INFOPLIST_KEY_NSCameraUsageDescription = "QR 코드 스캔을 위해서 카메라 사용";
				INFOPLIST_KEY_NSFaceIDUsageDescription = "앱 잠금을 해제하기 위해 Face ID를 사용합니다.";
				"INFOPLIST_KEY_UIApplicationSceneManifest_Generation[sdk=iphoneos*]" = YES;
				"INFOPLIST_KEY_UIApplicationSceneManifest_Generation[sdk=iphonesimulator*]" = YES;
				"INFOPLIST_KEY_UIApplicationSupportsIndirectInputEvents[sdk=iphoneos*]" = YES;
				"INFOPLIST_KEY_UIApplicationSupportsIndirectInputEvents[sdk=iphonesimulator*]" = YES;
				"INFOPLIST_KEY_UILaunchScreen_Generation[sdk=iphoneos*]" = YES;
				"INFOPLIST_KEY_UILaunchScreen_Generation[sdk=iphonesimulator*]" = YES;
				"INFOPLIST_KEY_UIStatusBarStyle[sdk=iphoneos*]" = UIStatusBarStyleDefault;
				"INFOPLIST_KEY_UIStatusBarStyle[sdk=iphonesimulator*]" = UIStatusBarStyleDefault;
				INFOPLIST_KEY_UISupportedInterfaceOrientations_iPad = "UIInterfaceOrientationPortrait UIInterfaceOrientationPortraitUpsideDown UIInterfaceOrientationLandscapeLeft UIInterfaceOrientationLandscapeRight";
				INFOPLIST_KEY_UISupportedInterfaceOrientations_iPhone = "UIInterfaceOrientationPortrait UIInterfaceOrientationLandscapeLeft UIInterfaceOrientationLandscapeRight";
				IPHONEOS_DEPLOYMENT_TARGET = 26.0;
				LD_RUNPATH_SEARCH_PATHS = "@executable_path/Frameworks";
				"LD_RUNPATH_SEARCH_PATHS[sdk=macosx*]" = "@executable_path/../Frameworks";
				MACOSX_DEPLOYMENT_TARGET = 26.1;
				MARKETING_VERSION = 1.1.0;
				PRODUCT_BUNDLE_IDENTIFIER = MarkLim.counting;
				PRODUCT_NAME = "$(TARGET_NAME)";
				REGISTER_APP_GROUPS = YES;
				SDKROOT = auto;
				STRING_CATALOG_GENERATE_SYMBOLS = YES;
				SUPPORTED_PLATFORMS = "iphoneos iphonesimulator";
				SUPPORTS_MACCATALYST = NO;
				SWIFT_APPROACHABLE_CONCURRENCY = YES;
				SWIFT_DEFAULT_ACTOR_ISOLATION = MainActor;
				SWIFT_EMIT_LOC_STRINGS = YES;
				SWIFT_UPCOMING_FEATURE_MEMBER_IMPORT_VISIBILITY = YES;
				SWIFT_VERSION = 5.0;
				TARGETED_DEVICE_FAMILY = "1,2";
				XROS_DEPLOYMENT_TARGET = 26.1;
			};
			name = Debug;
		};
		3BDD2BF82EE2905000E291FF /* Release */ = {
			isa = XCBuildConfiguration;
			buildSettings = {
				ASSETCATALOG_COMPILER_APPICON_NAME = AppIcon;
				ASSETCATALOG_COMPILER_GLOBAL_ACCENT_COLOR_NAME = AccentColor;
				ASSETCATALOG_COMPILER_INCLUDE_ALL_APPICON_ASSETS = NO;
				CODE_SIGN_STYLE = Automatic;
				CURRENT_PROJECT_VERSION = 28;
				DEAD_CODE_STRIPPING = YES;
				DEVELOPMENT_TEAM = 8UR93C9R92;
				ENABLE_APP_SANDBOX = YES;
				ENABLE_HARDENED_RUNTIME = YES;
				ENABLE_PREVIEWS = YES;
				ENABLE_USER_SELECTED_FILES = readonly;
				GENERATE_INFOPLIST_FILE = YES;
				INFOPLIST_FILE = counting/Info.plist;
				INFOPLIST_KEY_CFBundleDisplayName = "My Counting";
				INFOPLIST_KEY_LSApplicationCategoryType = "public.app-category.utilities";
				INFOPLIST_KEY_NSBluetoothAlwaysUsageDescription = "주변기기의 데이터를 받기 위해서 사용";
				INFOPLIST_KEY_NSBluetoothPeripheralUsageDescription = "주변기기와 앱에 있는 카운팅 데이터를 공유하기 위해서 사용";
				INFOPLIST_KEY_NSCameraUsageDescription = "QR 코드 스캔을 위해서 카메라 사용";
				INFOPLIST_KEY_NSFaceIDUsageDescription = "앱 잠금을 해제하기 위해 Face ID를 사용합니다.";
				"INFOPLIST_KEY_UIApplicationSceneManifest_Generation[sdk=iphoneos*]" = YES;
				"INFOPLIST_KEY_UIApplicationSceneManifest_Generation[sdk=iphonesimulator*]" = YES;
				"INFOPLIST_KEY_UIApplicationSupportsIndirectInputEvents[sdk=iphoneos*]" = YES;
				"INFOPLIST_KEY_UIApplicationSupportsIndirectInputEvents[sdk=iphonesimulator*]" = YES;
				"INFOPLIST_KEY_UILaunchScreen_Generation[sdk=iphoneos*]" = YES;
				"INFOPLIST_KEY_UILaunchScreen_Generation[sdk=iphonesimulator*]" = YES;
				"INFOPLIST_KEY_UIStatusBarStyle[sdk=iphoneos*]" = UIStatusBarStyleDefault;
				"INFOPLIST_KEY_UIStatusBarStyle[sdk=iphonesimulator*]" = UIStatusBarStyleDefault;
				INFOPLIST_KEY_UISupportedInterfaceOrientations_iPad = "UIInterfaceOrientationPortrait UIInterfaceOrientationPortraitUpsideDown UIInterfaceOrientationLandscapeLeft UIInterfaceOrientationLandscapeRight";
				INFOPLIST_KEY_UISupportedInterfaceOrientations_iPhone = "UIInterfaceOrientationPortrait UIInterfaceOrientationLandscapeLeft UIInterfaceOrientationLandscapeRight";
				IPHONEOS_DEPLOYMENT_TARGET = 26.0;
				LD_RUNPATH_SEARCH_PATHS = "@executable_path/Frameworks";
				"LD_RUNPATH_SEARCH_PATHS[sdk=macosx*]" = "@executable_path/../Frameworks";
				MACOSX_DEPLOYMENT_TARGET = 26.1;
				MARKETING_VERSION = 1.1.0;
				PRODUCT_BUNDLE_IDENTIFIER = MarkLim.counting;
				PRODUCT_NAME = "$(TARGET_NAME)";
				REGISTER_APP_GROUPS = YES;
				SDKROOT = auto;
				STRING_CATALOG_GENERATE_SYMBOLS = YES;
				SUPPORTED_PLATFORMS = "iphoneos iphonesimulator";
				SUPPORTS_MACCATALYST = NO;
				SWIFT_APPROACHABLE_CONCURRENCY = YES;
				SWIFT_DEFAULT_ACTOR_ISOLATION = MainActor;
				SWIFT_EMIT_LOC_STRINGS = YES;
				SWIFT_UPCOMING_FEATURE_MEMBER_IMPORT_VISIBILITY = YES;
				SWIFT_VERSION = 5.0;
				TARGETED_DEVICE_FAMILY = "1,2";
				XROS_DEPLOYMENT_TARGET = 26.1;
			};
			name = Release;
		};
		3BDD2BFA2EE2905000E291FF /* Debug */ = {
			isa = XCBuildConfiguration;
			buildSettings = {
				BUNDLE_LOADER = "$(TEST_HOST)";
				CODE_SIGN_STYLE = Automatic;
				CURRENT_PROJECT_VERSION = 1;
				DEAD_CODE_STRIPPING = YES;
				DEVELOPMENT_TEAM = 8UR93C9R92;
				GENERATE_INFOPLIST_FILE = YES;
				IPHONEOS_DEPLOYMENT_TARGET = 26.0;
				MACOSX_DEPLOYMENT_TARGET = 26.1;
				MARKETING_VERSION = 1.0;
				PRODUCT_BUNDLE_IDENTIFIER = MarkLim.countingTests;
				PRODUCT_NAME = "$(TARGET_NAME)";
				SDKROOT = auto;
				STRING_CATALOG_GENERATE_SYMBOLS = NO;
				SUPPORTED_PLATFORMS = "iphoneos iphonesimulator macosx xros xrsimulator";
				SWIFT_APPROACHABLE_CONCURRENCY = YES;
				SWIFT_EMIT_LOC_STRINGS = NO;
				SWIFT_UPCOMING_FEATURE_MEMBER_IMPORT_VISIBILITY = YES;
				SWIFT_VERSION = 5.0;
				TARGETED_DEVICE_FAMILY = "1,2,7";
				TEST_HOST = "$(BUILT_PRODUCTS_DIR)/counting.app/$(BUNDLE_EXECUTABLE_FOLDER_PATH)/counting";
				XROS_DEPLOYMENT_TARGET = 26.1;
			};
			name = Debug;
		};
		3BDD2BFB2EE2905000E291FF /* Release */ = {
			isa = XCBuildConfiguration;
			buildSettings = {
				BUNDLE_LOADER = "$(TEST_HOST)";
				CODE_SIGN_STYLE = Automatic;
				CURRENT_PROJECT_VERSION = 1;
				DEAD_CODE_STRIPPING = YES;
				DEVELOPMENT_TEAM = 8UR93C9R92;
				GENERATE_INFOPLIST_FILE = YES;
				IPHONEOS_DEPLOYMENT_TARGET = 26.0;
				MACOSX_DEPLOYMENT_TARGET = 26.1;
				MARKETING_VERSION = 1.0;
				PRODUCT_BUNDLE_IDENTIFIER = MarkLim.countingTests;
				PRODUCT_NAME = "$(TARGET_NAME)";
				SDKROOT = auto;
				STRING_CATALOG_GENERATE_SYMBOLS = NO;
				SUPPORTED_PLATFORMS = "iphoneos iphonesimulator macosx xros xrsimulator";
				SWIFT_APPROACHABLE_CONCURRENCY = YES;
				SWIFT_EMIT_LOC_STRINGS = NO;
				SWIFT_UPCOMING_FEATURE_MEMBER_IMPORT_VISIBILITY = YES;
				SWIFT_VERSION = 5.0;
				TARGETED_DEVICE_FAMILY = "1,2,7";
				TEST_HOST = "$(BUILT_PRODUCTS_DIR)/counting.app/$(BUNDLE_EXECUTABLE_FOLDER_PATH)/counting";
				XROS_DEPLOYMENT_TARGET = 26.1;
			};
			name = Release;
		};
		3BDD2BFD2EE2905000E291FF /* Debug */ = {
			isa = XCBuildConfiguration;
			buildSettings = {
				CODE_SIGN_STYLE = Automatic;
				CURRENT_PROJECT_VERSION = 1;
				DEAD_CODE_STRIPPING = YES;
				DEVELOPMENT_TEAM = 8UR93C9R92;
				GENERATE_INFOPLIST_FILE = YES;
				IPHONEOS_DEPLOYMENT_TARGET = 26.0;
				MACOSX_DEPLOYMENT_TARGET = 26.1;
				MARKETING_VERSION = 1.0;
				PRODUCT_BUNDLE_IDENTIFIER = MarkLim.countingUITests;
				PRODUCT_NAME = "$(TARGET_NAME)";
				SDKROOT = auto;
				STRING_CATALOG_GENERATE_SYMBOLS = NO;
				SUPPORTED_PLATFORMS = "iphoneos iphonesimulator macosx xros xrsimulator";
				SWIFT_APPROACHABLE_CONCURRENCY = YES;
				SWIFT_EMIT_LOC_STRINGS = NO;
				SWIFT_UPCOMING_FEATURE_MEMBER_IMPORT_VISIBILITY = YES;
				SWIFT_VERSION = 5.0;
				TARGETED_DEVICE_FAMILY = "1,2,7";
				TEST_TARGET_NAME = counting;
				XROS_DEPLOYMENT_TARGET = 26.1;
			};
			name = Debug;
		};
		3BDD2BFE2EE2905000E291FF /* Release */ = {
			isa = XCBuildConfiguration;
			buildSettings = {
				CODE_SIGN_STYLE = Automatic;
				CURRENT_PROJECT_VERSION = 1;
				DEAD_CODE_STRIPPING = YES;
				DEVELOPMENT_TEAM = 8UR93C9R92;
				GENERATE_INFOPLIST_FILE = YES;
				IPHONEOS_DEPLOYMENT_TARGET = 26.0;
				MACOSX_DEPLOYMENT_TARGET = 26.1;
				MARKETING_VERSION = 1.0;
				PRODUCT_BUNDLE_IDENTIFIER = MarkLim.countingUITests;
				PRODUCT_NAME = "$(TARGET_NAME)";
				SDKROOT = auto;
				STRING_CATALOG_GENERATE_SYMBOLS = NO;
				SUPPORTED_PLATFORMS = "iphoneos iphonesimulator macosx xros xrsimulator";
				SWIFT_APPROACHABLE_CONCURRENCY = YES;
				SWIFT_EMIT_LOC_STRINGS = NO;
				SWIFT_UPCOMING_FEATURE_MEMBER_IMPORT_VISIBILITY = YES;
				SWIFT_VERSION = 5.0;
				TARGETED_DEVICE_FAMILY = "1,2,7";
				TEST_TARGET_NAME = counting;
				XROS_DEPLOYMENT_TARGET = 26.1;
			};
			name = Release;
		};
/* End XCBuildConfiguration section */

/* Begin XCConfigurationList section */
		3B30CA042EE48BA300389F3C /* Build configuration list for PBXNativeTarget "My Counting Watch App" */ = {
			isa = XCConfigurationList;
			buildConfigurations = (
				3B30CA052EE48BA300389F3C /* Debug */,
				3B30CA062EE48BA300389F3C /* Release */,
			);
			defaultConfigurationIsVisible = 0;
			defaultConfigurationName = Release;
		};
		3B30CA082EE48BA300389F3C /* Build configuration list for PBXNativeTarget "My Counting Watch AppTests" */ = {
			isa = XCConfigurationList;
			buildConfigurations = (
				3B30CA092EE48BA300389F3C /* Debug */,
				3B30CA0A2EE48BA300389F3C /* Release */,
			);
			defaultConfigurationIsVisible = 0;
			defaultConfigurationName = Release;
		};
		3B30CA0B2EE48BA300389F3C /* Build configuration list for PBXNativeTarget "My Counting Watch AppUITests" */ = {
			isa = XCConfigurationList;
			buildConfigurations = (
				3B30CA0C2EE48BA300389F3C /* Debug */,
				3B30CA0D2EE48BA300389F3C /* Release */,
			);
			defaultConfigurationIsVisible = 0;
			defaultConfigurationName = Release;
		};
		3BDD2BD02EE2904E00E291FF /* Build configuration list for PBXProject "counting" */ = {
			isa = XCConfigurationList;
			buildConfigurations = (
				3BDD2BF42EE2905000E291FF /* Debug */,
				3BDD2BF52EE2905000E291FF /* Release */,
			);
			defaultConfigurationIsVisible = 0;
			defaultConfigurationName = Release;
		};
		3BDD2BF62EE2905000E291FF /* Build configuration list for PBXNativeTarget "counting" */ = {
			isa = XCConfigurationList;
			buildConfigurations = (
				3BDD2BF72EE2905000E291FF /* Debug */,
				3BDD2BF82EE2905000E291FF /* Release */,
			);
			defaultConfigurationIsVisible = 0;
			defaultConfigurationName = Release;
		};
		3BDD2BF92EE2905000E291FF /* Build configuration list for PBXNativeTarget "countingTests" */ = {
			isa = XCConfigurationList;
			buildConfigurations = (
				3BDD2BFA2EE2905000E291FF /* Debug */,
				3BDD2BFB2EE2905000E291FF /* Release */,
			);
			defaultConfigurationIsVisible = 0;
			defaultConfigurationName = Release;
		};
		3BDD2BFC2EE2905000E291FF /* Build configuration list for PBXNativeTarget "countingUITests" */ = {
			isa = XCConfigurationList;
			buildConfigurations = (
				3BDD2BFD2EE2905000E291FF /* Debug */,
				3BDD2BFE2EE2905000E291FF /* Release */,
			);
			defaultConfigurationIsVisible = 0;
			defaultConfigurationName = Release;
		};
/* End XCConfigurationList section */
	};
	rootObject = 3BDD2BCD2EE2904E00E291FF /* Project object */;
}
